
Microsoft Visual Studio Solution File, Format Version 12.00
# Visual Studio Version 16
VisualStudioVersion = 16.0.31729.503
MinimumVisualStudioVersion = 10.0.40219.1
Project("{9A19103F-16F7-4668-BE54-9A1E7A4F7556}") = "LessOOP", "LessOOP\LessOOP.csproj", "{55585D7B-E614-4628-A222-1CECC03A69C1}"
EndProject
Project("{FAE04EC0-301F-11D3-BF4B-00C04F79EFBC}") = "BildingsLibrary", "BildingsLibrary\BildingsLibrary.csproj", "{62B074B6-137E-4ECD-9A2B-60981AC20839}"
EndProject
Global
	GlobalSection(SolutionConfigurationPlatforms) = preSolution
		Debug|Any CPU = Debug|Any CPU
		Release|Any CPU = Release|Any CPU
	EndGlobalSection
	GlobalSection(ProjectConfigurationPlatforms) = postSolution
		{55585D7B-E614-4628-A222-1CECC03A69C1}.Debug|Any CPU.ActiveCfg = Debug|Any CPU
		{55585D7B-E614-4628-A222-1CECC03A69C1}.Debug|Any CPU.Build.0 = Debug|Any CPU
		{55585D7B-E614-4628-A222-1CECC03A69C1}.Release|Any CPU.ActiveCfg = Release|Any CPU
		{55585D7B-E614-4628-A222-1CECC03A69C1}.Release|Any CPU.Build.0 = Release|Any CPU
		{62B074B6-137E-4ECD-9A2B-60981AC20839}.Debug|Any CPU.ActiveCfg = Debug|Any CPU
		{62B074B6-137E-4ECD-9A2B-60981AC20839}.Debug|Any CPU.Build.0 = Debug|Any CPU
		{62B074B6-137E-4ECD-9A2B-60981AC20839}.Release|Any CPU.ActiveCfg = Release|Any CPU
		{62B074B6-137E-4ECD-9A2B-60981AC20839}.Release|Any CPU.Build.0 = Release|Any CPU
	EndGlobalSection
	GlobalSection(SolutionProperties) = preSolution
		HideSolutionNode = FALSE
	EndGlobalSection
	GlobalSection(ExtensibilityGlobals) = postSolution
		SolutionGuid = {92906B13-6CF3-4CAC-A7F8-546319018269}
	EndGlobalSection
EndGlobal
