
Microsoft Visual Studio Solution File, Format Version 12.00
# Visual Studio Version 16
VisualStudioVersion = 16.0.31729.503
MinimumVisualStudioVersion = 10.0.40219.1
Project("{9A19103F-16F7-4668-BE54-9A1E7A4F7556}") = "LessOOP", "LessOOP\LessOOP.csproj", "{55585D7B-E614-4628-A222-1CECC03A69C1}"
EndProject
Project("{9A19103F-16F7-4668-BE54-9A1E7A4F7556}") = "BildingsLibrary", "BildingsLibrary\BildingsLibrary.csproj", "{62B074B6-137E-4ECD-9A2B-60981AC20839}"
EndProject
Project("{9A19103F-16F7-4668-BE54-9A1E7A4F7556}") = "BildCreatorLibrary", "BildCreatorLibrary\BildCreatorLibrary.csproj", "{03D26C5E-803D-4B22-9C6F-E16924459540}"
EndProject
Project("{FAE04EC0-301F-11D3-BF4B-00C04F79EFBC}") = "NumbersLibrary", "NumbersLibrary\NumbersLibrary.csproj", "{70D4EC2C-7C4F-410F-AB04-ABA2659C682F}"
EndProject
Project("{FAE04EC0-301F-11D3-BF4B-00C04F79EFBC}") = "FigureLibrary", "FigureLibrary\FigureLibrary.csproj", "{948FD56B-01C3-4D8F-9821-3D46C52BFD27}"
EndProject
Global
	GlobalSection(SolutionConfigurationPlatforms) = preSolution
		Debug|Any CPU = Debug|Any CPU
		Release|Any CPU = Release|Any CPU
	EndGlobalSection
	GlobalSection(ProjectConfigurationPlatforms) = postSolution
		{55585D7B-E614-4628-A222-1CECC03A69C1}.Debug|Any CPU.ActiveCfg = Debug|Any CPU
		{55585D7B-E614-4628-A222-1CECC03A69C1}.Debug|Any CPU.Build.0 = Debug|Any CPU
		{55585D7B-E614-4628-A222-1CECC03A69C1}.Release|Any CPU.ActiveCfg = Release|Any CPU
		{55585D7B-E614-4628-A222-1CECC03A69C1}.Release|Any CPU.Build.0 = Release|Any CPU
		{62B074B6-137E-4ECD-9A2B-60981AC20839}.Debug|Any CPU.ActiveCfg = Debug|Any CPU
		{62B074B6-137E-4ECD-9A2B-60981AC20839}.Debug|Any CPU.Build.0 = Debug|Any CPU
		{62B074B6-137E-4ECD-9A2B-60981AC20839}.Release|Any CPU.ActiveCfg = Release|Any CPU
		{62B074B6-137E-4ECD-9A2B-60981AC20839}.Release|Any CPU.Build.0 = Release|Any CPU
		{03D26C5E-803D-4B22-9C6F-E16924459540}.Debug|Any CPU.ActiveCfg = Debug|Any CPU
		{03D26C5E-803D-4B22-9C6F-E16924459540}.Debug|Any CPU.Build.0 = Debug|Any CPU
		{03D26C5E-803D-4B22-9C6F-E16924459540}.Release|Any CPU.ActiveCfg = Release|Any CPU
		{03D26C5E-803D-4B22-9C6F-E16924459540}.Release|Any CPU.Build.0 = Release|Any CPU
		{70D4EC2C-7C4F-410F-AB04-ABA2659C682F}.Debug|Any CPU.ActiveCfg = Debug|Any CPU
		{70D4EC2C-7C4F-410F-AB04-ABA2659C682F}.Debug|Any CPU.Build.0 = Debug|Any CPU
		{70D4EC2C-7C4F-410F-AB04-ABA2659C682F}.Release|Any CPU.ActiveCfg = Release|Any CPU
		{70D4EC2C-7C4F-410F-AB04-ABA2659C682F}.Release|Any CPU.Build.0 = Release|Any CPU
		{948FD56B-01C3-4D8F-9821-3D46C52BFD27}.Debug|Any CPU.ActiveCfg = Debug|Any CPU
		{948FD56B-01C3-4D8F-9821-3D46C52BFD27}.Debug|Any CPU.Build.0 = Debug|Any CPU
		{948FD56B-01C3-4D8F-9821-3D46C52BFD27}.Release|Any CPU.ActiveCfg = Release|Any CPU
		{948FD56B-01C3-4D8F-9821-3D46C52BFD27}.Release|Any CPU.Build.0 = Release|Any CPU
	EndGlobalSection
	GlobalSection(SolutionProperties) = preSolution
		HideSolutionNode = FALSE
	EndGlobalSection
	GlobalSection(ExtensibilityGlobals) = postSolution
		SolutionGuid = {92906B13-6CF3-4CAC-A7F8-546319018269}
	EndGlobalSection
EndGlobal
